
Microsoft Visual Studio Solution File, Format Version 12.00
# Visual Studio Version 17
VisualStudioVersion = 17.7.34202.233
MinimumVisualStudioVersion = 10.0.40219.1
Project("{9A19103F-16F7-4668-BE54-9A1E7A4F7556}") = "P02_FootballBetting", "P02_FootballBetting\P02_FootballBetting.csproj", "{F0A07864-7B25-43C0-AB18-064F8766EC1C}"
EndProject
Project("{9A19103F-16F7-4668-BE54-9A1E7A4F7556}") = "P02_FootballBetting.Data", "P02_FootballBetting.Data\P02_FootballBetting.Data.csproj", "{608D2074-5BB0-41A5-8176-C6777CA28E9D}"
EndProject
Project("{9A19103F-16F7-4668-BE54-9A1E7A4F7556}") = "P02_FootballBetting.Data.Models", "P02_FootballBetting.Data.Models\P02_FootballBetting.Data.Models.csproj", "{5F3F1598-5A55-4E41-B0B8-F7F8E9F8B0AD}"
EndProject
Project("{FAE04EC0-301F-11D3-BF4B-00C04F79EFBC}") = "P01_StudentSystem", "P01_StudentSystem\P01_StudentSystem.csproj", "{1CAFDC66-C5C4-4C50-A364-5726B1D50323}"
EndProject
Global
	GlobalSection(SolutionConfigurationPlatforms) = preSolution
		Debug|Any CPU = Debug|Any CPU
		Release|Any CPU = Release|Any CPU
	EndGlobalSection
	GlobalSection(ProjectConfigurationPlatforms) = postSolution
		{F0A07864-7B25-43C0-AB18-064F8766EC1C}.Debug|Any CPU.ActiveCfg = Debug|Any CPU
		{F0A07864-7B25-43C0-AB18-064F8766EC1C}.Debug|Any CPU.Build.0 = Debug|Any CPU
		{F0A07864-7B25-43C0-AB18-064F8766EC1C}.Release|Any CPU.ActiveCfg = Release|Any CPU
		{F0A07864-7B25-43C0-AB18-064F8766EC1C}.Release|Any CPU.Build.0 = Release|Any CPU
		{608D2074-5BB0-41A5-8176-C6777CA28E9D}.Debug|Any CPU.ActiveCfg = Debug|Any CPU
		{608D2074-5BB0-41A5-8176-C6777CA28E9D}.Debug|Any CPU.Build.0 = Debug|Any CPU
		{608D2074-5BB0-41A5-8176-C6777CA28E9D}.Release|Any CPU.ActiveCfg = Release|Any CPU
		{608D2074-5BB0-41A5-8176-C6777CA28E9D}.Release|Any CPU.Build.0 = Release|Any CPU
		{5F3F1598-5A55-4E41-B0B8-F7F8E9F8B0AD}.Debug|Any CPU.ActiveCfg = Debug|Any CPU
		{5F3F1598-5A55-4E41-B0B8-F7F8E9F8B0AD}.Debug|Any CPU.Build.0 = Debug|Any CPU
		{5F3F1598-5A55-4E41-B0B8-F7F8E9F8B0AD}.Release|Any CPU.ActiveCfg = Release|Any CPU
		{5F3F1598-5A55-4E41-B0B8-F7F8E9F8B0AD}.Release|Any CPU.Build.0 = Release|Any CPU
		{1CAFDC66-C5C4-4C50-A364-5726B1D50323}.Debug|Any CPU.ActiveCfg = Debug|Any CPU
		{1CAFDC66-C5C4-4C50-A364-5726B1D50323}.Debug|Any CPU.Build.0 = Debug|Any CPU
		{1CAFDC66-C5C4-4C50-A364-5726B1D50323}.Release|Any CPU.ActiveCfg = Release|Any CPU
		{1CAFDC66-C5C4-4C50-A364-5726B1D50323}.Release|Any CPU.Build.0 = Release|Any CPU
	EndGlobalSection
	GlobalSection(SolutionProperties) = preSolution
		HideSolutionNode = FALSE
	EndGlobalSection
	GlobalSection(ExtensibilityGlobals) = postSolution
		SolutionGuid = {44C923FC-9EDE-4F6E-9BA2-059B76CBA737}
	EndGlobalSection
EndGlobal
