
Microsoft Visual Studio Solution File, Format Version 12.00
# Visual Studio Version 17
VisualStudioVersion = 17.7.34202.233
MinimumVisualStudioVersion = 10.0.40219.1
Project("{FAE04EC0-301F-11D3-BF4B-00C04F79EFBC}") = "EventMe", "EventMe\EventMe.csproj", "{F5EE87CC-B3A0-48AD-ADF5-F6A3E0601235}"
EndProject
Project("{FAE04EC0-301F-11D3-BF4B-00C04F79EFBC}") = "EventMe.Core", "EventMe.Core\EventMe.Core.csproj", "{20BCFE83-C4F0-41E0-B76B-EC7728F688E7}"
EndProject
Project("{FAE04EC0-301F-11D3-BF4B-00C04F79EFBC}") = "EventMe.Infrastructure", "EventMe.Infrastructure\EventMe.Infrastructure.csproj", "{005DA385-1E96-40CA-B083-3F9A8006E64D}"
EndProject
Global
	GlobalSection(SolutionConfigurationPlatforms) = preSolution
		Debug|Any CPU = Debug|Any CPU
		Release|Any CPU = Release|Any CPU
	EndGlobalSection
	GlobalSection(ProjectConfigurationPlatforms) = postSolution
		{F5EE87CC-B3A0-48AD-ADF5-F6A3E0601235}.Debug|Any CPU.ActiveCfg = Debug|Any CPU
		{F5EE87CC-B3A0-48AD-ADF5-F6A3E0601235}.Debug|Any CPU.Build.0 = Debug|Any CPU
		{F5EE87CC-B3A0-48AD-ADF5-F6A3E0601235}.Release|Any CPU.ActiveCfg = Release|Any CPU
		{F5EE87CC-B3A0-48AD-ADF5-F6A3E0601235}.Release|Any CPU.Build.0 = Release|Any CPU
		{20BCFE83-C4F0-41E0-B76B-EC7728F688E7}.Debug|Any CPU.ActiveCfg = Debug|Any CPU
		{20BCFE83-C4F0-41E0-B76B-EC7728F688E7}.Debug|Any CPU.Build.0 = Debug|Any CPU
		{20BCFE83-C4F0-41E0-B76B-EC7728F688E7}.Release|Any CPU.ActiveCfg = Release|Any CPU
		{20BCFE83-C4F0-41E0-B76B-EC7728F688E7}.Release|Any CPU.Build.0 = Release|Any CPU
		{005DA385-1E96-40CA-B083-3F9A8006E64D}.Debug|Any CPU.ActiveCfg = Debug|Any CPU
		{005DA385-1E96-40CA-B083-3F9A8006E64D}.Debug|Any CPU.Build.0 = Debug|Any CPU
		{005DA385-1E96-40CA-B083-3F9A8006E64D}.Release|Any CPU.ActiveCfg = Release|Any CPU
		{005DA385-1E96-40CA-B083-3F9A8006E64D}.Release|Any CPU.Build.0 = Release|Any CPU
	EndGlobalSection
	GlobalSection(SolutionProperties) = preSolution
		HideSolutionNode = FALSE
	EndGlobalSection
	GlobalSection(ExtensibilityGlobals) = postSolution
		SolutionGuid = {58397E2C-7168-42B2-8D23-EB9B0BF13C04}
	EndGlobalSection
EndGlobal
